
Microsoft Visual Studio Solution File, Format Version 12.00
# Visual Studio Version 17
VisualStudioVersion = 17.5.33424.131
MinimumVisualStudioVersion = 10.0.40219.1
Project("{FAE04EC0-301F-11D3-BF4B-00C04F79EFBC}") = "TodoApi", "TodoApi\TodoApi.csproj", "{D549C543-BC03-475C-8CCB-168EC20C6765}"
EndProject
Global
	GlobalSection(SolutionConfigurationPlatforms) = preSolution
		Debug|Any CPU = Debug|Any CPU
		Release|Any CPU = Release|Any CPU
	EndGlobalSection
	GlobalSection(ProjectConfigurationPlatforms) = postSolution
		{D549C543-BC03-475C-8CCB-168EC20C6765}.Debug|Any CPU.ActiveCfg = Debug|Any CPU
		{D549C543-BC03-475C-8CCB-168EC20C6765}.Debug|Any CPU.Build.0 = Debug|Any CPU
		{D549C543-BC03-475C-8CCB-168EC20C6765}.Release|Any CPU.ActiveCfg = Release|Any CPU
		{D549C543-BC03-475C-8CCB-168EC20C6765}.Release|Any CPU.Build.0 = Release|Any CPU
	EndGlobalSection
	GlobalSection(SolutionProperties) = preSolution
		HideSolutionNode = FALSE
	EndGlobalSection
	GlobalSection(ExtensibilityGlobals) = postSolution
		SolutionGuid = {68723746-68F3-4E19-99F0-653B74371358}
	EndGlobalSection
EndGlobal
